// !$*UTF8*$!
{
	archiveVersion = 1;
	classes = {
	};
	objectVersion = 46;
	objects = {

/* Begin PBXBuildFile section */
		1200F71D1BD690FE003E4F24 /* Gestures.swift in Sources */ = {isa = PBXBuildFile; fileRef = 1200F71C1BD690FE003E4F24 /* Gestures.swift */; };
		120C61461BF92F3E00D1F49D /* SCNVector Extensions.swift in Sources */ = {isa = PBXBuildFile; fileRef = 120C61451BF92F3E00D1F49D /* SCNVector Extensions.swift */; };
		120CF8322139321700ED0546 /* Sparkle.framework in Frameworks */ = {isa = PBXBuildFile; fileRef = 120CF8312139321700ED0546 /* Sparkle.framework */; };
		120CF834213937E500ED0546 /* Sparkle.framework in CopyFiles */ = {isa = PBXBuildFile; fileRef = 120CF8312139321700ED0546 /* Sparkle.framework */; settings = {ATTRIBUTES = (CodeSignOnCopy, RemoveHeadersOnCopy, ); }; };
		120CF83821393B0D00ED0546 /* dsa_pub.pem in Resources */ = {isa = PBXBuildFile; fileRef = 120CF83721393B0D00ED0546 /* dsa_pub.pem */; };
		120CF83A2139500F00ED0546 /* Notes.txt in Resources */ = {isa = PBXBuildFile; fileRef = 120CF8392139500F00ED0546 /* Notes.txt */; };
		1232CBCD2121FA00006F9A64 /* NSImage+File.swift in Sources */ = {isa = PBXBuildFile; fileRef = 1232CBCC2121FA00006F9A64 /* NSImage+File.swift */; };
		1232CBCF212328A4006F9A64 /* 4way-arrow.png in Resources */ = {isa = PBXBuildFile; fileRef = 1232CBCE212328A4006F9A64 /* 4way-arrow.png */; };
		1254A8001BD82B100056A0C8 /* Utilities.swift in Sources */ = {isa = PBXBuildFile; fileRef = 1254A7FF1BD82B100056A0C8 /* Utilities.swift */; };
		1254A8021BD96EE40056A0C8 /* TextFieldExtension.swift in Sources */ = {isa = PBXBuildFile; fileRef = 1254A8011BD96EE40056A0C8 /* TextFieldExtension.swift */; };
		1254A8041BDA9C1F0056A0C8 /* Print.swift in Sources */ = {isa = PBXBuildFile; fileRef = 1254A8031BDA9C1F0056A0C8 /* Print.swift */; };
		1254A8061BDAB9910056A0C8 /* ArtScenePrinter.swift in Sources */ = {isa = PBXBuildFile; fileRef = 1254A8051BDAB9910056A0C8 /* ArtScenePrinter.swift */; };
		125A067B1BE909F200D145AC /* Undo.swift in Sources */ = {isa = PBXBuildFile; fileRef = 125A067A1BE909F200D145AC /* Undo.swift */; };
		126D3196213ED95E00D6463B /* HUD.swift in Sources */ = {isa = PBXBuildFile; fileRef = 126D3195213ED95E00D6463B /* HUD.swift */; };
		126D31982141900B00D6463B /* SKDelegate.swift in Sources */ = {isa = PBXBuildFile; fileRef = 126D31972141900B00D6463B /* SKDelegate.swift */; };
		127CF8B11BD1810A00F571D9 /* AppDelegate.swift in Sources */ = {isa = PBXBuildFile; fileRef = 127CF8B01BD1810A00F571D9 /* AppDelegate.swift */; };
		127CF8B31BD1810A00F571D9 /* Document.swift in Sources */ = {isa = PBXBuildFile; fileRef = 127CF8B21BD1810A00F571D9 /* Document.swift */; };
		127CF8B61BD1810A00F571D9 /* Document.xib in Resources */ = {isa = PBXBuildFile; fileRef = 127CF8B41BD1810A00F571D9 /* Document.xib */; };
		127CF8B81BD1810A00F571D9 /* Assets.xcassets in Resources */ = {isa = PBXBuildFile; fileRef = 127CF8B71BD1810A00F571D9 /* Assets.xcassets */; };
		127CF8BB1BD1810A00F571D9 /* MainMenu.xib in Resources */ = {isa = PBXBuildFile; fileRef = 127CF8B91BD1810A00F571D9 /* MainMenu.xib */; };
		127CF8C71BD181FA00F571D9 /* ActionMenu.xib in Resources */ = {isa = PBXBuildFile; fileRef = 127CF8C21BD181FA00F571D9 /* ActionMenu.xib */; };
		127CF8C81BD181FA00F571D9 /* aligntop.png in Resources */ = {isa = PBXBuildFile; fileRef = 127CF8C31BD181FA00F571D9 /* aligntop.png */; };
		127CF8C91BD181FA00F571D9 /* alignbottom.png in Resources */ = {isa = PBXBuildFile; fileRef = 127CF8C41BD181FA00F571D9 /* alignbottom.png */; };
		127CF8CA1BD181FA00F571D9 /* alignhcenter.png in Resources */ = {isa = PBXBuildFile; fileRef = 127CF8C51BD181FA00F571D9 /* alignhcenter.png */; };
		127CF8CB1BD181FA00F571D9 /* alignvcenter.png in Resources */ = {isa = PBXBuildFile; fileRef = 127CF8C61BD181FA00F571D9 /* alignvcenter.png */; };
		127CF8CD1BD1821000F571D9 /* ArtSceneView.swift in Sources */ = {isa = PBXBuildFile; fileRef = 127CF8CC1BD1821000F571D9 /* ArtSceneView.swift */; };
		127CF8D11BD1823300F571D9 /* ArtSceneViewMenu.swift in Sources */ = {isa = PBXBuildFile; fileRef = 127CF8CE1BD1823300F571D9 /* ArtSceneViewMenu.swift */; };
		127CF8D21BD1823300F571D9 /* ArtSceneViewController.swift in Sources */ = {isa = PBXBuildFile; fileRef = 127CF8CF1BD1823300F571D9 /* ArtSceneViewController.swift */; };
		127CF8D31BD1823300F571D9 /* Framer.swift in Sources */ = {isa = PBXBuildFile; fileRef = 127CF8D01BD1823300F571D9 /* Framer.swift */; };
		129BCF301BE29D5200F6B8F3 /* rotate-icon.png in Resources */ = {isa = PBXBuildFile; fileRef = 129BCF2F1BE29D5200F6B8F3 /* rotate-icon.png */; };
		12E95BB42126A68900F025B6 /* SCNNodeExtension.swift in Sources */ = {isa = PBXBuildFile; fileRef = 12E95BB32126A68900F025B6 /* SCNNodeExtension.swift */; };
		12E95BB6212825B100F025B6 /* ArtSceneMouse.swift in Sources */ = {isa = PBXBuildFile; fileRef = 12E95BB5212825B100F025B6 /* ArtSceneMouse.swift */; };
		12E95BB82128269900F025B6 /* ArtSceneViewControllerKeyboard.swift in Sources */ = {isa = PBXBuildFile; fileRef = 12E95BB72128269900F025B6 /* ArtSceneViewControllerKeyboard.swift */; };
		12EBCA6F213C966B00881DC7 /* ReleaseNotes.html in Resources */ = {isa = PBXBuildFile; fileRef = 12EBCA6E213C966B00881DC7 /* ReleaseNotes.html */; };
		12EBCA76213DC94500881DC7 /* floor.jpg in Resources */ = {isa = PBXBuildFile; fileRef = 12EBCA75213DC94500881DC7 /* floor.jpg */; };
		12EBCA78213EA13F00881DC7 /* icon.icns in Resources */ = {isa = PBXBuildFile; fileRef = 12EBCA77213EA13F00881DC7 /* icon.icns */; };
		12EBCA7A213F5CEF00881DC7 /* TruncatingString.swift in Sources */ = {isa = PBXBuildFile; fileRef = 12EBCA79213F5CEF00881DC7 /* TruncatingString.swift */; };
/* End PBXBuildFile section */

/* Begin PBXCopyFilesBuildPhase section */
		120CF833213937CE00ED0546 /* CopyFiles */ = {
			isa = PBXCopyFilesBuildPhase;
			buildActionMask = 2147483647;
			dstPath = "";
			dstSubfolderSpec = 10;
			files = (
				120CF834213937E500ED0546 /* Sparkle.framework in CopyFiles */,
			);
			runOnlyForDeploymentPostprocessing = 0;
		};
/* End PBXCopyFilesBuildPhase section */

/* Begin PBXFileReference section */
		1200F71C1BD690FE003E4F24 /* Gestures.swift */ = {isa = PBXFileReference; fileEncoding = 4; lastKnownFileType = sourcecode.swift; path = Gestures.swift; sourceTree = "<group>"; };
		120C61451BF92F3E00D1F49D /* SCNVector Extensions.swift */ = {isa = PBXFileReference; fileEncoding = 4; lastKnownFileType = sourcecode.swift; path = "SCNVector Extensions.swift"; sourceTree = "<group>"; };
		120CF8312139321700ED0546 /* Sparkle.framework */ = {isa = PBXFileReference; lastKnownFileType = wrapper.framework; path = Sparkle.framework; sourceTree = "<group>"; };
		120CF83721393B0D00ED0546 /* dsa_pub.pem */ = {isa = PBXFileReference; fileEncoding = 4; lastKnownFileType = text; path = dsa_pub.pem; sourceTree = "<group>"; };
		120CF8392139500F00ED0546 /* Notes.txt */ = {isa = PBXFileReference; lastKnownFileType = text; name = Notes.txt; path = "Art Scene/Notes.txt"; sourceTree = SOURCE_ROOT; };
		1232CBCC2121FA00006F9A64 /* NSImage+File.swift */ = {isa = PBXFileReference; lastKnownFileType = sourcecode.swift; path = "NSImage+File.swift"; sourceTree = "<group>"; };
		1232CBCE212328A4006F9A64 /* 4way-arrow.png */ = {isa = PBXFileReference; lastKnownFileType = image.png; path = "4way-arrow.png"; sourceTree = "<group>"; };
		1254A7FF1BD82B100056A0C8 /* Utilities.swift */ = {isa = PBXFileReference; fileEncoding = 4; lastKnownFileType = sourcecode.swift; lineEnding = 0; path = Utilities.swift; sourceTree = "<group>"; xcLanguageSpecificationIdentifier = xcode.lang.swift; };
		1254A8011BD96EE40056A0C8 /* TextFieldExtension.swift */ = {isa = PBXFileReference; fileEncoding = 4; lastKnownFileType = sourcecode.swift; path = TextFieldExtension.swift; sourceTree = "<group>"; };
		1254A8031BDA9C1F0056A0C8 /* Print.swift */ = {isa = PBXFileReference; fileEncoding = 4; lastKnownFileType = sourcecode.swift; path = Print.swift; sourceTree = "<group>"; };
		1254A8051BDAB9910056A0C8 /* ArtScenePrinter.swift */ = {isa = PBXFileReference; fileEncoding = 4; lastKnownFileType = sourcecode.swift; path = ArtScenePrinter.swift; sourceTree = "<group>"; };
		125A067A1BE909F200D145AC /* Undo.swift */ = {isa = PBXFileReference; fileEncoding = 4; lastKnownFileType = sourcecode.swift; path = Undo.swift; sourceTree = "<group>"; };
		126D3195213ED95E00D6463B /* HUD.swift */ = {isa = PBXFileReference; lastKnownFileType = sourcecode.swift; path = HUD.swift; sourceTree = "<group>"; };
		126D31972141900B00D6463B /* SKDelegate.swift */ = {isa = PBXFileReference; lastKnownFileType = sourcecode.swift; path = SKDelegate.swift; sourceTree = "<group>"; };
		127CF8AD1BD1810A00F571D9 /* Art Scene.app */ = {isa = PBXFileReference; explicitFileType = wrapper.application; includeInIndex = 0; path = "Art Scene.app"; sourceTree = BUILT_PRODUCTS_DIR; };
		127CF8B01BD1810A00F571D9 /* AppDelegate.swift */ = {isa = PBXFileReference; lastKnownFileType = sourcecode.swift; path = AppDelegate.swift; sourceTree = "<group>"; };
		127CF8B21BD1810A00F571D9 /* Document.swift */ = {isa = PBXFileReference; lastKnownFileType = sourcecode.swift; path = Document.swift; sourceTree = "<group>"; };
		127CF8B51BD1810A00F571D9 /* Base */ = {isa = PBXFileReference; lastKnownFileType = file.xib; name = Base; path = Base.lproj/Document.xib; sourceTree = "<group>"; };
		127CF8B71BD1810A00F571D9 /* Assets.xcassets */ = {isa = PBXFileReference; lastKnownFileType = folder.assetcatalog; path = Assets.xcassets; sourceTree = "<group>"; };
		127CF8BA1BD1810A00F571D9 /* Base */ = {isa = PBXFileReference; lastKnownFileType = file.xib; name = Base; path = Base.lproj/MainMenu.xib; sourceTree = "<group>"; };
		127CF8BC1BD1810A00F571D9 /* Info.plist */ = {isa = PBXFileReference; lastKnownFileType = text.plist.xml; path = Info.plist; sourceTree = "<group>"; };
		127CF8C21BD181FA00F571D9 /* ActionMenu.xib */ = {isa = PBXFileReference; fileEncoding = 4; lastKnownFileType = file.xib; path = ActionMenu.xib; sourceTree = "<group>"; };
		127CF8C31BD181FA00F571D9 /* aligntop.png */ = {isa = PBXFileReference; lastKnownFileType = image.png; path = aligntop.png; sourceTree = "<group>"; };
		127CF8C41BD181FA00F571D9 /* alignbottom.png */ = {isa = PBXFileReference; lastKnownFileType = image.png; path = alignbottom.png; sourceTree = "<group>"; };
		127CF8C51BD181FA00F571D9 /* alignhcenter.png */ = {isa = PBXFileReference; lastKnownFileType = image.png; path = alignhcenter.png; sourceTree = "<group>"; };
		127CF8C61BD181FA00F571D9 /* alignvcenter.png */ = {isa = PBXFileReference; lastKnownFileType = image.png; path = alignvcenter.png; sourceTree = "<group>"; };
		127CF8CC1BD1821000F571D9 /* ArtSceneView.swift */ = {isa = PBXFileReference; fileEncoding = 4; lastKnownFileType = sourcecode.swift; lineEnding = 0; path = ArtSceneView.swift; sourceTree = "<group>"; xcLanguageSpecificationIdentifier = xcode.lang.swift; };
		127CF8CE1BD1823300F571D9 /* ArtSceneViewMenu.swift */ = {isa = PBXFileReference; fileEncoding = 4; lastKnownFileType = sourcecode.swift; path = ArtSceneViewMenu.swift; sourceTree = "<group>"; };
		127CF8CF1BD1823300F571D9 /* ArtSceneViewController.swift */ = {isa = PBXFileReference; fileEncoding = 4; lastKnownFileType = sourcecode.swift; path = ArtSceneViewController.swift; sourceTree = "<group>"; };
		127CF8D01BD1823300F571D9 /* Framer.swift */ = {isa = PBXFileReference; fileEncoding = 4; lastKnownFileType = sourcecode.swift; path = Framer.swift; sourceTree = "<group>"; };
		129BCF2F1BE29D5200F6B8F3 /* rotate-icon.png */ = {isa = PBXFileReference; lastKnownFileType = image.png; path = "rotate-icon.png"; sourceTree = "<group>"; };
		12E95BB32126A68900F025B6 /* SCNNodeExtension.swift */ = {isa = PBXFileReference; lastKnownFileType = sourcecode.swift; path = SCNNodeExtension.swift; sourceTree = "<group>"; };
		12E95BB5212825B100F025B6 /* ArtSceneMouse.swift */ = {isa = PBXFileReference; lastKnownFileType = sourcecode.swift; path = ArtSceneMouse.swift; sourceTree = "<group>"; };
		12E95BB72128269900F025B6 /* ArtSceneViewControllerKeyboard.swift */ = {isa = PBXFileReference; lastKnownFileType = sourcecode.swift; path = ArtSceneViewControllerKeyboard.swift; sourceTree = "<group>"; };
		12E95BBD212E308000F025B6 /* Art Scene.entitlements */ = {isa = PBXFileReference; lastKnownFileType = text.plist.entitlements; path = "Art Scene.entitlements"; sourceTree = "<group>"; };
		12EBCA6E213C966B00881DC7 /* ReleaseNotes.html */ = {isa = PBXFileReference; fileEncoding = 4; lastKnownFileType = text.html; path = ReleaseNotes.html; sourceTree = "<group>"; };
		12EBCA75213DC94500881DC7 /* floor.jpg */ = {isa = PBXFileReference; lastKnownFileType = image.jpeg; path = floor.jpg; sourceTree = "<group>"; };
		12EBCA77213EA13F00881DC7 /* icon.icns */ = {isa = PBXFileReference; lastKnownFileType = image.icns; path = icon.icns; sourceTree = "<group>"; };
		12EBCA79213F5CEF00881DC7 /* TruncatingString.swift */ = {isa = PBXFileReference; lastKnownFileType = sourcecode.swift; path = TruncatingString.swift; sourceTree = "<group>"; };
/* End PBXFileReference section */

/* Begin PBXFrameworksBuildPhase section */
		127CF8AA1BD1810A00F571D9 /* Frameworks */ = {
			isa = PBXFrameworksBuildPhase;
			buildActionMask = 2147483647;
			files = (
				120CF8322139321700ED0546 /* Sparkle.framework in Frameworks */,
			);
			runOnlyForDeploymentPostprocessing = 0;
		};
/* End PBXFrameworksBuildPhase section */

/* Begin PBXGroup section */
		127CF8A41BD1810900F571D9 = {
			isa = PBXGroup;
			children = (
				127CF8AF1BD1810A00F571D9 /* Art Scene */,
				127CF8AE1BD1810A00F571D9 /* Products */,
			);
			sourceTree = "<group>";
		};
		127CF8AE1BD1810A00F571D9 /* Products */ = {
			isa = PBXGroup;
			children = (
				127CF8AD1BD1810A00F571D9 /* Art Scene.app */,
			);
			name = Products;
			sourceTree = "<group>";
		};
		127CF8AF1BD1810A00F571D9 /* Art Scene */ = {
			isa = PBXGroup;
			children = (
				12EBCA74213DB98D00881DC7 /* Images */,
				12EBCA73213DB96D00881DC7 /* Nibs */,
				12EBCA72213DB93000881DC7 /* Resources */,
				12E95BBD212E308000F025B6 /* Art Scene.entitlements */,
				125A067A1BE909F200D145AC /* Undo.swift */,
				126D3195213ED95E00D6463B /* HUD.swift */,
				1254A7FF1BD82B100056A0C8 /* Utilities.swift */,
				12EBCA79213F5CEF00881DC7 /* TruncatingString.swift */,
				127CF8B01BD1810A00F571D9 /* AppDelegate.swift */,
				127CF8B21BD1810A00F571D9 /* Document.swift */,
				127CF8CC1BD1821000F571D9 /* ArtSceneView.swift */,
				127CF8CE1BD1823300F571D9 /* ArtSceneViewMenu.swift */,
				12E95BB5212825B100F025B6 /* ArtSceneMouse.swift */,
				1254A8051BDAB9910056A0C8 /* ArtScenePrinter.swift */,
				127CF8CF1BD1823300F571D9 /* ArtSceneViewController.swift */,
				12E95BB72128269900F025B6 /* ArtSceneViewControllerKeyboard.swift */,
				126D31972141900B00D6463B /* SKDelegate.swift */,
				1200F71C1BD690FE003E4F24 /* Gestures.swift */,
				127CF8D01BD1823300F571D9 /* Framer.swift */,
				1254A8031BDA9C1F0056A0C8 /* Print.swift */,
				120C61451BF92F3E00D1F49D /* SCNVector Extensions.swift */,
				12E95BB32126A68900F025B6 /* SCNNodeExtension.swift */,
				1254A8011BD96EE40056A0C8 /* TextFieldExtension.swift */,
				1232CBCC2121FA00006F9A64 /* NSImage+File.swift */,
				127CF8B71BD1810A00F571D9 /* Assets.xcassets */,
				120CF8312139321700ED0546 /* Sparkle.framework */,
			);
			path = "Art Scene";
			sourceTree = "<group>";
		};
		12EBCA72213DB93000881DC7 /* Resources */ = {
			isa = PBXGroup;
			children = (
				127CF8BC1BD1810A00F571D9 /* Info.plist */,
				120CF83721393B0D00ED0546 /* dsa_pub.pem */,
				120CF8392139500F00ED0546 /* Notes.txt */,
				12EBCA6E213C966B00881DC7 /* ReleaseNotes.html */,
			);
			name = Resources;
			sourceTree = "<group>";
		};
		12EBCA73213DB96D00881DC7 /* Nibs */ = {
			isa = PBXGroup;
			children = (
				127CF8B41BD1810A00F571D9 /* Document.xib */,
				127CF8B91BD1810A00F571D9 /* MainMenu.xib */,
				127CF8C21BD181FA00F571D9 /* ActionMenu.xib */,
			);
			name = Nibs;
			sourceTree = "<group>";
		};
		12EBCA74213DB98D00881DC7 /* Images */ = {
			isa = PBXGroup;
			children = (
				12EBCA77213EA13F00881DC7 /* icon.icns */,
				12EBCA75213DC94500881DC7 /* floor.jpg */,
				129BCF2F1BE29D5200F6B8F3 /* rotate-icon.png */,
				1232CBCE212328A4006F9A64 /* 4way-arrow.png */,
				127CF8C31BD181FA00F571D9 /* aligntop.png */,
				127CF8C41BD181FA00F571D9 /* alignbottom.png */,
				127CF8C51BD181FA00F571D9 /* alignhcenter.png */,
				127CF8C61BD181FA00F571D9 /* alignvcenter.png */,
			);
			path = Images;
			sourceTree = "<group>";
		};
/* End PBXGroup section */

/* Begin PBXNativeTarget section */
		127CF8AC1BD1810A00F571D9 /* Art Scene */ = {
			isa = PBXNativeTarget;
			buildConfigurationList = 127CF8BF1BD1810A00F571D9 /* Build configuration list for PBXNativeTarget "Art Scene" */;
			buildPhases = (
				127CF8A91BD1810A00F571D9 /* Sources */,
				127CF8AA1BD1810A00F571D9 /* Frameworks */,
				127CF8AB1BD1810A00F571D9 /* Resources */,
				120CF833213937CE00ED0546 /* CopyFiles */,
			);
			buildRules = (
			);
			dependencies = (
			);
			name = "Art Scene";
			productName = "Art Scene";
			productReference = 127CF8AD1BD1810A00F571D9 /* Art Scene.app */;
			productType = "com.apple.product-type.application";
		};
/* End PBXNativeTarget section */

/* Begin PBXProject section */
		127CF8A51BD1810900F571D9 /* Project object */ = {
			isa = PBXProject;
			attributes = {
				LastUpgradeCheck = 0940;
				ORGANIZATIONNAME = "Timothy Larkin";
				TargetAttributes = {
					127CF8AC1BD1810A00F571D9 = {
						CreatedOnToolsVersion = 7.0.1;
						DevelopmentTeam = P5AAYT7AT4;
						LastSwiftMigration = 0940;
						ProvisioningStyle = Automatic;
						SystemCapabilities = {
							com.apple.Sandbox = {
								enabled = 0;
							};
						};
					};
				};
			};
			buildConfigurationList = 127CF8A81BD1810900F571D9 /* Build configuration list for PBXProject "Art Scene" */;
			compatibilityVersion = "Xcode 3.2";
			developmentRegion = English;
			hasScannedForEncodings = 0;
			knownRegions = (
				en,
				Base,
			);
			mainGroup = 127CF8A41BD1810900F571D9;
			productRefGroup = 127CF8AE1BD1810A00F571D9 /* Products */;
			projectDirPath = "";
			projectRoot = "";
			targets = (
				127CF8AC1BD1810A00F571D9 /* Art Scene */,
			);
		};
/* End PBXProject section */

/* Begin PBXResourcesBuildPhase section */
		127CF8AB1BD1810A00F571D9 /* Resources */ = {
			isa = PBXResourcesBuildPhase;
			buildActionMask = 2147483647;
			files = (
				127CF8B81BD1810A00F571D9 /* Assets.xcassets in Resources */,
				127CF8B61BD1810A00F571D9 /* Document.xib in Resources */,
				129BCF301BE29D5200F6B8F3 /* rotate-icon.png in Resources */,
				127CF8C71BD181FA00F571D9 /* ActionMenu.xib in Resources */,
				120CF83A2139500F00ED0546 /* Notes.txt in Resources */,
				12EBCA78213EA13F00881DC7 /* icon.icns in Resources */,
				127CF8C81BD181FA00F571D9 /* aligntop.png in Resources */,
				12EBCA6F213C966B00881DC7 /* ReleaseNotes.html in Resources */,
				127CF8C91BD181FA00F571D9 /* alignbottom.png in Resources */,
				12EBCA76213DC94500881DC7 /* floor.jpg in Resources */,
				127CF8CB1BD181FA00F571D9 /* alignvcenter.png in Resources */,
				127CF8BB1BD1810A00F571D9 /* MainMenu.xib in Resources */,
				120CF83821393B0D00ED0546 /* dsa_pub.pem in Resources */,
				1232CBCF212328A4006F9A64 /* 4way-arrow.png in Resources */,
				127CF8CA1BD181FA00F571D9 /* alignhcenter.png in Resources */,
			);
			runOnlyForDeploymentPostprocessing = 0;
		};
/* End PBXResourcesBuildPhase section */

/* Begin PBXSourcesBuildPhase section */
		127CF8A91BD1810A00F571D9 /* Sources */ = {
			isa = PBXSourcesBuildPhase;
			buildActionMask = 2147483647;
			files = (
				1254A8021BD96EE40056A0C8 /* TextFieldExtension.swift in Sources */,
				127CF8D21BD1823300F571D9 /* ArtSceneViewController.swift in Sources */,
				1254A8061BDAB9910056A0C8 /* ArtScenePrinter.swift in Sources */,
				120C61461BF92F3E00D1F49D /* SCNVector Extensions.swift in Sources */,
				126D31982141900B00D6463B /* SKDelegate.swift in Sources */,
				1232CBCD2121FA00006F9A64 /* NSImage+File.swift in Sources */,
				125A067B1BE909F200D145AC /* Undo.swift in Sources */,
				127CF8B31BD1810A00F571D9 /* Document.swift in Sources */,
				12E95BB82128269900F025B6 /* ArtSceneViewControllerKeyboard.swift in Sources */,
				127CF8D31BD1823300F571D9 /* Framer.swift in Sources */,
				127CF8CD1BD1821000F571D9 /* ArtSceneView.swift in Sources */,
				127CF8B11BD1810A00F571D9 /* AppDelegate.swift in Sources */,
				12EBCA7A213F5CEF00881DC7 /* TruncatingString.swift in Sources */,
				12E95BB42126A68900F025B6 /* SCNNodeExtension.swift in Sources */,
				1200F71D1BD690FE003E4F24 /* Gestures.swift in Sources */,
				12E95BB6212825B100F025B6 /* ArtSceneMouse.swift in Sources */,
				1254A8041BDA9C1F0056A0C8 /* Print.swift in Sources */,
				126D3196213ED95E00D6463B /* HUD.swift in Sources */,
				1254A8001BD82B100056A0C8 /* Utilities.swift in Sources */,
				127CF8D11BD1823300F571D9 /* ArtSceneViewMenu.swift in Sources */,
			);
			runOnlyForDeploymentPostprocessing = 0;
		};
/* End PBXSourcesBuildPhase section */

/* Begin PBXVariantGroup section */
		127CF8B41BD1810A00F571D9 /* Document.xib */ = {
			isa = PBXVariantGroup;
			children = (
				127CF8B51BD1810A00F571D9 /* Base */,
			);
			name = Document.xib;
			sourceTree = "<group>";
		};
		127CF8B91BD1810A00F571D9 /* MainMenu.xib */ = {
			isa = PBXVariantGroup;
			children = (
				127CF8BA1BD1810A00F571D9 /* Base */,
			);
			name = MainMenu.xib;
			sourceTree = "<group>";
		};
/* End PBXVariantGroup section */

/* Begin XCBuildConfiguration section */
		127CF8BD1BD1810A00F571D9 /* Debug */ = {
			isa = XCBuildConfiguration;
			buildSettings = {
				ALWAYS_SEARCH_USER_PATHS = NO;
				CLANG_CXX_LANGUAGE_STANDARD = "gnu++0x";
				CLANG_CXX_LIBRARY = "libc++";
				CLANG_ENABLE_MODULES = YES;
				CLANG_ENABLE_OBJC_ARC = YES;
				CLANG_WARN_BLOCK_CAPTURE_AUTORELEASING = YES;
				CLANG_WARN_BOOL_CONVERSION = YES;
				CLANG_WARN_COMMA = YES;
				CLANG_WARN_CONSTANT_CONVERSION = YES;
				CLANG_WARN_DEPRECATED_OBJC_IMPLEMENTATIONS = YES;
				CLANG_WARN_DIRECT_OBJC_ISA_USAGE = YES_ERROR;
				CLANG_WARN_EMPTY_BODY = YES;
				CLANG_WARN_ENUM_CONVERSION = YES;
				CLANG_WARN_INFINITE_RECURSION = YES;
				CLANG_WARN_INT_CONVERSION = YES;
				CLANG_WARN_NON_LITERAL_NULL_CONVERSION = YES;
				CLANG_WARN_OBJC_IMPLICIT_RETAIN_SELF = YES;
				CLANG_WARN_OBJC_LITERAL_CONVERSION = YES;
				CLANG_WARN_OBJC_ROOT_CLASS = YES_ERROR;
				CLANG_WARN_RANGE_LOOP_ANALYSIS = YES;
				CLANG_WARN_STRICT_PROTOTYPES = YES;
				CLANG_WARN_SUSPICIOUS_MOVE = YES;
				CLANG_WARN_UNREACHABLE_CODE = YES;
				CLANG_WARN__DUPLICATE_METHOD_MATCH = YES;
				CODE_SIGN_IDENTITY = "-";
				COPY_PHASE_STRIP = NO;
				DEBUG_INFORMATION_FORMAT = dwarf;
				ENABLE_STRICT_OBJC_MSGSEND = YES;
				ENABLE_TESTABILITY = YES;
				GCC_C_LANGUAGE_STANDARD = gnu99;
				GCC_DYNAMIC_NO_PIC = NO;
				GCC_NO_COMMON_BLOCKS = YES;
				GCC_OPTIMIZATION_LEVEL = 0;
				GCC_PREPROCESSOR_DEFINITIONS = (
					"DEBUG=1",
					"$(inherited)",
				);
				GCC_WARN_64_TO_32_BIT_CONVERSION = YES;
				GCC_WARN_ABOUT_RETURN_TYPE = YES_ERROR;
				GCC_WARN_UNDECLARED_SELECTOR = YES;
				GCC_WARN_UNINITIALIZED_AUTOS = YES_AGGRESSIVE;
				GCC_WARN_UNUSED_FUNCTION = YES;
				GCC_WARN_UNUSED_VARIABLE = YES;
				MACOSX_DEPLOYMENT_TARGET = 10.13;
				MTL_ENABLE_DEBUG_INFO = YES;
				ONLY_ACTIVE_ARCH = YES;
				SDKROOT = macosx;
				SWIFT_OPTIMIZATION_LEVEL = "-Onone";
			};
			name = Debug;
		};
		127CF8BE1BD1810A00F571D9 /* Release */ = {
			isa = XCBuildConfiguration;
			buildSettings = {
				ALWAYS_SEARCH_USER_PATHS = NO;
				CLANG_CXX_LANGUAGE_STANDARD = "gnu++0x";
				CLANG_CXX_LIBRARY = "libc++";
				CLANG_ENABLE_MODULES = YES;
				CLANG_ENABLE_OBJC_ARC = YES;
				CLANG_WARN_BLOCK_CAPTURE_AUTORELEASING = YES;
				CLANG_WARN_BOOL_CONVERSION = YES;
				CLANG_WARN_COMMA = YES;
				CLANG_WARN_CONSTANT_CONVERSION = YES;
				CLANG_WARN_DEPRECATED_OBJC_IMPLEMENTATIONS = YES;
				CLANG_WARN_DIRECT_OBJC_ISA_USAGE = YES_ERROR;
				CLANG_WARN_EMPTY_BODY = YES;
				CLANG_WARN_ENUM_CONVERSION = YES;
				CLANG_WARN_INFINITE_RECURSION = YES;
				CLANG_WARN_INT_CONVERSION = YES;
				CLANG_WARN_NON_LITERAL_NULL_CONVERSION = YES;
				CLANG_WARN_OBJC_IMPLICIT_RETAIN_SELF = YES;
				CLANG_WARN_OBJC_LITERAL_CONVERSION = YES;
				CLANG_WARN_OBJC_ROOT_CLASS = YES_ERROR;
				CLANG_WARN_RANGE_LOOP_ANALYSIS = YES;
				CLANG_WARN_STRICT_PROTOTYPES = YES;
				CLANG_WARN_SUSPICIOUS_MOVE = YES;
				CLANG_WARN_UNREACHABLE_CODE = YES;
				CLANG_WARN__DUPLICATE_METHOD_MATCH = YES;
				CODE_SIGN_IDENTITY = "-";
				COPY_PHASE_STRIP = NO;
				DEBUG_INFORMATION_FORMAT = "dwarf-with-dsym";
				ENABLE_NS_ASSERTIONS = NO;
				ENABLE_STRICT_OBJC_MSGSEND = YES;
				GCC_C_LANGUAGE_STANDARD = gnu99;
				GCC_NO_COMMON_BLOCKS = YES;
				GCC_WARN_64_TO_32_BIT_CONVERSION = YES;
				GCC_WARN_ABOUT_RETURN_TYPE = YES_ERROR;
				GCC_WARN_UNDECLARED_SELECTOR = YES;
				GCC_WARN_UNINITIALIZED_AUTOS = YES_AGGRESSIVE;
				GCC_WARN_UNUSED_FUNCTION = YES;
				GCC_WARN_UNUSED_VARIABLE = YES;
				MACOSX_DEPLOYMENT_TARGET = 10.13;
				MTL_ENABLE_DEBUG_INFO = NO;
				SDKROOT = macosx;
				SWIFT_COMPILATION_MODE = wholemodule;
			};
			name = Release;
		};
		127CF8C01BD1810A00F571D9 /* Debug */ = {
			isa = XCBuildConfiguration;
			buildSettings = {
				ASSETCATALOG_COMPILER_APPICON_NAME = AppIcon;
				CODE_SIGN_IDENTITY = "Mac Developer";
				CODE_SIGN_STYLE = Automatic;
				COMBINE_HIDPI_IMAGES = YES;
				DEVELOPMENT_TEAM = P5AAYT7AT4;
				FRAMEWORK_SEARCH_PATHS = (
					"$(inherited)",
					"$(PROJECT_DIR)/Art\\ Scene",
				);
				INFOPLIST_FILE = "Art Scene/Info.plist";
				LD_RUNPATH_SEARCH_PATHS = "$(inherited) @executable_path/../Frameworks @loader_path/../Frameworks";
				MACOSX_DEPLOYMENT_TARGET = 10.11;
				PRODUCT_BUNDLE_IDENTIFIER = "com.abstracttools.Art-Scene";
				PRODUCT_NAME = "$(TARGET_NAME)";
				PROVISIONING_PROFILE_SPECIFIER = "";
				SWIFT_SWIFT3_OBJC_INFERENCE = Default;
				SWIFT_VERSION = 4.0;
			};
			name = Debug;
		};
		127CF8C11BD1810A00F571D9 /* Release */ = {
			isa = XCBuildConfiguration;
			buildSettings = {
				ASSETCATALOG_COMPILER_APPICON_NAME = AppIcon;
				CODE_SIGN_IDENTITY = "Mac Developer";
				CODE_SIGN_STYLE = Automatic;
				COMBINE_HIDPI_IMAGES = YES;
				DEVELOPMENT_TEAM = P5AAYT7AT4;
				FRAMEWORK_SEARCH_PATHS = (
					"$(inherited)",
					"$(PROJECT_DIR)/Art\\ Scene",
				);
				INFOPLIST_FILE = "Art Scene/Info.plist";
				LD_RUNPATH_SEARCH_PATHS = "$(inherited) @executable_path/../Frameworks @loader_path/../Frameworks";
				MACOSX_DEPLOYMENT_TARGET = 10.11;
				PRODUCT_BUNDLE_IDENTIFIER = "com.abstracttools.Art-Scene";
				PRODUCT_NAME = "$(TARGET_NAME)";
				PROVISIONING_PROFILE_SPECIFIER = "";
				SWIFT_SWIFT3_OBJC_INFERENCE = Default;
				SWIFT_VERSION = 4.0;
			};
			name = Release;
		};
/* End XCBuildConfiguration section */

/* Begin XCConfigurationList section */
		127CF8A81BD1810900F571D9 /* Build configuration list for PBXProject "Art Scene" */ = {
			isa = XCConfigurationList;
			buildConfigurations = (
				127CF8BD1BD1810A00F571D9 /* Debug */,
				127CF8BE1BD1810A00F571D9 /* Release */,
			);
			defaultConfigurationIsVisible = 0;
			defaultConfigurationName = Release;
		};
		127CF8BF1BD1810A00F571D9 /* Build configuration list for PBXNativeTarget "Art Scene" */ = {
			isa = XCConfigurationList;
			buildConfigurations = (
				127CF8C01BD1810A00F571D9 /* Debug */,
				127CF8C11BD1810A00F571D9 /* Release */,
			);
			defaultConfigurationIsVisible = 0;
			defaultConfigurationName = Release;
		};
/* End XCConfigurationList section */
	};
	rootObject = 127CF8A51BD1810900F571D9 /* Project object */;
}
